
Microsoft Visual Studio Solution File, Format Version 12.00
# Visual Studio Version 16
VisualStudioVersion = 16.0.29709.97
MinimumVisualStudioVersion = 10.0.40219.1
Project("{FAE04EC0-301F-11D3-BF4B-00C04F79EFBC}") = "ApiWeb", "ApiWeb\ApiWeb.csproj", "{F2F4D2E8-DA7C-4BAA-8D64-D1A3A7022E6A}"
EndProject
Project("{FAE04EC0-301F-11D3-BF4B-00C04F79EFBC}") = "BLL", "BLL\BLL.csproj", "{51EDA7A9-53A1-410B-AE0D-C0EB20BCAC16}"
EndProject
Project("{FAE04EC0-301F-11D3-BF4B-00C04F79EFBC}") = "DTO", "DTO\DTO.csproj", "{DE65CC6E-4CB3-4235-BE66-BD213E5EC11E}"
EndProject
Project("{FAE04EC0-301F-11D3-BF4B-00C04F79EFBC}") = "Modelo", "Modelo\Modelo.csproj", "{C67DF595-E315-4D70-B102-766916348E8F}"
EndProject
Global
	GlobalSection(SolutionConfigurationPlatforms) = preSolution
		Debug|Any CPU = Debug|Any CPU
		Release|Any CPU = Release|Any CPU
	EndGlobalSection
	GlobalSection(ProjectConfigurationPlatforms) = postSolution
		{F2F4D2E8-DA7C-4BAA-8D64-D1A3A7022E6A}.Debug|Any CPU.ActiveCfg = Debug|Any CPU
		{F2F4D2E8-DA7C-4BAA-8D64-D1A3A7022E6A}.Debug|Any CPU.Build.0 = Debug|Any CPU
		{F2F4D2E8-DA7C-4BAA-8D64-D1A3A7022E6A}.Release|Any CPU.ActiveCfg = Release|Any CPU
		{F2F4D2E8-DA7C-4BAA-8D64-D1A3A7022E6A}.Release|Any CPU.Build.0 = Release|Any CPU
		{51EDA7A9-53A1-410B-AE0D-C0EB20BCAC16}.Debug|Any CPU.ActiveCfg = Debug|Any CPU
		{51EDA7A9-53A1-410B-AE0D-C0EB20BCAC16}.Debug|Any CPU.Build.0 = Debug|Any CPU
		{51EDA7A9-53A1-410B-AE0D-C0EB20BCAC16}.Release|Any CPU.ActiveCfg = Release|Any CPU
		{51EDA7A9-53A1-410B-AE0D-C0EB20BCAC16}.Release|Any CPU.Build.0 = Release|Any CPU
		{DE65CC6E-4CB3-4235-BE66-BD213E5EC11E}.Debug|Any CPU.ActiveCfg = Debug|Any CPU
		{DE65CC6E-4CB3-4235-BE66-BD213E5EC11E}.Debug|Any CPU.Build.0 = Debug|Any CPU
		{DE65CC6E-4CB3-4235-BE66-BD213E5EC11E}.Release|Any CPU.ActiveCfg = Release|Any CPU
		{DE65CC6E-4CB3-4235-BE66-BD213E5EC11E}.Release|Any CPU.Build.0 = Release|Any CPU
		{C67DF595-E315-4D70-B102-766916348E8F}.Debug|Any CPU.ActiveCfg = Debug|Any CPU
		{C67DF595-E315-4D70-B102-766916348E8F}.Debug|Any CPU.Build.0 = Debug|Any CPU
		{C67DF595-E315-4D70-B102-766916348E8F}.Release|Any CPU.ActiveCfg = Release|Any CPU
		{C67DF595-E315-4D70-B102-766916348E8F}.Release|Any CPU.Build.0 = Release|Any CPU
	EndGlobalSection
	GlobalSection(SolutionProperties) = preSolution
		HideSolutionNode = FALSE
	EndGlobalSection
	GlobalSection(ExtensibilityGlobals) = postSolution
		SolutionGuid = {DE865445-DE6B-4904-85A6-D5D3E99807C9}
	EndGlobalSection
EndGlobal
